
Microsoft Visual Studio Solution File, Format Version 12.00
# Visual Studio Version 17
VisualStudioVersion = 17.10.35013.160
MinimumVisualStudioVersion = 10.0.40219.1
Project("{FAE04EC0-301F-11D3-BF4B-00C04F79EFBC}") = "firstmvc", "firstmvc\firstmvc.csproj", "{B6B8F718-0DEC-43F7-B320-34C758C8B4A8}"
EndProject
Global
	GlobalSection(SolutionConfigurationPlatforms) = preSolution
		Debug|Any CPU = Debug|Any CPU
		Release|Any CPU = Release|Any CPU
	EndGlobalSection
	GlobalSection(ProjectConfigurationPlatforms) = postSolution
		{B6B8F718-0DEC-43F7-B320-34C758C8B4A8}.Debug|Any CPU.ActiveCfg = Debug|Any CPU
		{B6B8F718-0DEC-43F7-B320-34C758C8B4A8}.Debug|Any CPU.Build.0 = Debug|Any CPU
		{B6B8F718-0DEC-43F7-B320-34C758C8B4A8}.Release|Any CPU.ActiveCfg = Release|Any CPU
		{B6B8F718-0DEC-43F7-B320-34C758C8B4A8}.Release|Any CPU.Build.0 = Release|Any CPU
	EndGlobalSection
	GlobalSection(SolutionProperties) = preSolution
		HideSolutionNode = FALSE
	EndGlobalSection
	GlobalSection(ExtensibilityGlobals) = postSolution
		SolutionGuid = {885259A2-4EAB-4CA2-8624-1199E2B1A00B}
	EndGlobalSection
EndGlobal
